Microsoft Visual Studio Solution File, Format Version 12.00
# Visual Studio Version 16
VisualStudioVersion = 16.0.28922.388
MinimumVisualStudioVersion = 10.0.40219.1
Project("{8BC9CEB8-8B4A-11D0-8D11-00A0C91BC942}") = "AudioFileStandardiser_App", "AudioFileStandardiser_App.vcxproj", "{6C91D258-6D21-E8B6-33C7-F59290D71FBD}"
EndProject
Project("{54435603-DBB4-11D2-8724-00A0C9A8B90C}") = "AudioFilleStandardiser Installer", "..\AudioFilleStandardiser Installer\AudioFilleStandardiser Installer.vdproj", "{C828C468-6E41-49AB-B011-AF54ECC45D19}"
EndProject
Global
	GlobalSection(SolutionConfigurationPlatforms) = preSolution
		Debug|x64 = Debug|x64
		Release|x64 = Release|x64
	EndGlobalSection
	GlobalSection(ProjectConfigurationPlatforms) = postSolution
		{6C91D258-6D21-E8B6-33C7-F59290D71FBD}.Debug|x64.ActiveCfg = Debug|x64
		{6C91D258-6D21-E8B6-33C7-F59290D71FBD}.Debug|x64.Build.0 = Debug|x64
		{6C91D258-6D21-E8B6-33C7-F59290D71FBD}.Release|x64.ActiveCfg = Release|x64
		{6C91D258-6D21-E8B6-33C7-F59290D71FBD}.Release|x64.Build.0 = Release|x64
		{C828C468-6E41-49AB-B011-AF54ECC45D19}.Debug|x64.ActiveCfg = Debug
		{C828C468-6E41-49AB-B011-AF54ECC45D19}.Debug|x64.Build.0 = Debug
		{C828C468-6E41-49AB-B011-AF54ECC45D19}.Release|x64.ActiveCfg = Release
		{C828C468-6E41-49AB-B011-AF54ECC45D19}.Release|x64.Build.0 = Release
	EndGlobalSection
	GlobalSection(SolutionProperties) = preSolution
		HideSolutionNode = FALSE
	EndGlobalSection
	GlobalSection(ExtensibilityGlobals) = postSolution
		SolutionGuid = {080C997A-474F-45DC-BB9B-36B4537E6208}
	EndGlobalSection
EndGlobal
